
Microsoft Visual Studio Solution File, Format Version 12.00
# Visual Studio Version 16
VisualStudioVersion = 16.0.32413.511
MinimumVisualStudioVersion = 10.0.40219.1
Project("{FAE04EC0-301F-11D3-BF4B-00C04F79EFBC}") = "InstanceCopyPractice", "InstanceCopyPractice\InstanceCopyPractice.csproj", "{CCB44465-BFF2-4491-AAAA-7C6CFC1AD3C3}"
EndProject
Global
	GlobalSection(SolutionConfigurationPlatforms) = preSolution
		Debug|Any CPU = Debug|Any CPU
		Release|Any CPU = Release|Any CPU
	EndGlobalSection
	GlobalSection(ProjectConfigurationPlatforms) = postSolution
		{CCB44465-BFF2-4491-AAAA-7C6CFC1AD3C3}.Debug|Any CPU.ActiveCfg = Debug|Any CPU
		{CCB44465-BFF2-4491-AAAA-7C6CFC1AD3C3}.Debug|Any CPU.Build.0 = Debug|Any CPU
		{CCB44465-BFF2-4491-AAAA-7C6CFC1AD3C3}.Release|Any CPU.ActiveCfg = Release|Any CPU
		{CCB44465-BFF2-4491-AAAA-7C6CFC1AD3C3}.Release|Any CPU.Build.0 = Release|Any CPU
	EndGlobalSection
	GlobalSection(SolutionProperties) = preSolution
		HideSolutionNode = FALSE
	EndGlobalSection
	GlobalSection(ExtensibilityGlobals) = postSolution
		SolutionGuid = {A66E3E08-6214-4FFB-BEA9-1981734EF543}
	EndGlobalSection
EndGlobal
