
Microsoft Visual Studio Solution File, Format Version 12.00
# Visual Studio Version 16
VisualStudioVersion = 16.0.32126.315
MinimumVisualStudioVersion = 10.0.40219.1
Project("{9A19103F-16F7-4668-BE54-9A1E7A4F7556}") = "csharpoefeningen", "csharpoefeningen\csharpoefeningen.csproj", "{192217A2-5426-45D8-8D8F-91A83A693489}"
EndProject
Project("{9A19103F-16F7-4668-BE54-9A1E7A4F7556}") = "NamespaceOefeningLib", "NamespaceOefeningLib\NamespaceOefeningLib.csproj", "{C859144B-26DF-4723-9C1C-CA9BED32F825}"
EndProject
Global
	GlobalSection(SolutionConfigurationPlatforms) = preSolution
		Debug|Any CPU = Debug|Any CPU
		Release|Any CPU = Release|Any CPU
	EndGlobalSection
	GlobalSection(ProjectConfigurationPlatforms) = postSolution
		{192217A2-5426-45D8-8D8F-91A83A693489}.Debug|Any CPU.ActiveCfg = Debug|Any CPU
		{192217A2-5426-45D8-8D8F-91A83A693489}.Debug|Any CPU.Build.0 = Debug|Any CPU
		{192217A2-5426-45D8-8D8F-91A83A693489}.Release|Any CPU.ActiveCfg = Release|Any CPU
		{192217A2-5426-45D8-8D8F-91A83A693489}.Release|Any CPU.Build.0 = Release|Any CPU
		{C859144B-26DF-4723-9C1C-CA9BED32F825}.Debug|Any CPU.ActiveCfg = Debug|Any CPU
		{C859144B-26DF-4723-9C1C-CA9BED32F825}.Debug|Any CPU.Build.0 = Debug|Any CPU
		{C859144B-26DF-4723-9C1C-CA9BED32F825}.Release|Any CPU.ActiveCfg = Release|Any CPU
		{C859144B-26DF-4723-9C1C-CA9BED32F825}.Release|Any CPU.Build.0 = Release|Any CPU
	EndGlobalSection
	GlobalSection(SolutionProperties) = preSolution
		HideSolutionNode = FALSE
	EndGlobalSection
	GlobalSection(ExtensibilityGlobals) = postSolution
		SolutionGuid = {F69283BB-C934-40F6-A336-3F5974A30B12}
	EndGlobalSection
EndGlobal
